{
  "requires": true,
  "lockfileVersion": 1,
  "dependencies": {
    "@ionic-native/qr-scanner": {
      "version": "5.12.0",
      "resolved": "https://registry.npmjs.org/@ionic-native/qr-scanner/-/qr-scanner-5.12.0.tgz",
      "integrity": "sha512-r0P6zXVzdFRz4L7S/lvSxH5OvfXxpbePWP5h4/jxd9TuUYvUwIeGOeQVzNz7I9myuI2uHzCaoFEAPZjFX/6Mlw==",
      "requires": {
        "@types/cordova": "^0.0.34"
      }
    },
    "@types/cordova": {
      "version": "0.0.34",
      "resolved": "https://registry.npmjs.org/@types/cordova/-/cordova-0.0.34.tgz",
      "integrity": "sha1-6nrd907Ow9dimCegw54smt3HPQQ="
    }
  }
}
